{
    "_meta": {
        "hash": {
            "sha256": "2a2889c20d7ec59bd8a5c516ff59675f439a4cfa0c99b673cae1214015d5c07c"
        },
        "pipfile-spec": 6,
        "requires": {
            "python_version": "3.7"
        },
        "sources": [
            {
                "name": "pypi",
                "url": "https://pypi.org/simple",
                "verify_ssl": true
            }
        ]
    },
    "default": {
        "certifi": {
            "hashes": [
                "sha256:5930595817496dd21bb8dc35dad090f1c2cd0adfaf21204bf6732ca5d8ee34d3",
                "sha256:8fc0819f1f30ba15bdb34cceffb9ef04d99f420f68eb75d901e9560b8749fc41"
            ],
            "version": "==2020.6.20"
        },
        "cycler": {
            "hashes": [
                "sha256:1d8a5ae1ff6c5cf9b93e8811e581232ad8920aeec647c37316ceac982b08cb2d",
                "sha256:cd7b2d1018258d7247a71425e9f26463dfb444d411c39569972f4ce586b0c9d8"
            ],
            "index": "pypi",
            "version": "==0.10.0"
        },
        "cython": {
            "hashes": [
                "sha256:0ac10bf476476a9f7ef61ec6e44c280ef434473124ad31d3132b720f7b0e8d2a",
                "sha256:0e25c209c75df8785480dcef85db3d36c165dbc0f4c503168e8763eb735704f2",
                "sha256:171b9f70ceafcec5852089d0f9c1e75b0d554f46c882cd4e2e4acaba9bd7d148",
                "sha256:23f3a00b843a19de8bb4468b087db5b413a903213f67188729782488d67040e0",
                "sha256:2922e3031ba9ebbe7cb9200b585cc33b71d66023d78450dcb883f824f4969371",
                "sha256:31c71a615f38401b0dc1f2a5a9a6c421ffd8908c4cd5bbedc4014c1b876488e8",
                "sha256:473df5d5e400444a36ed81c6596f56a5b52a3481312d0a48d68b777790f730ae",
                "sha256:497841897942f734b0abc2dead2d4009795ee992267a70a23485fd0e937edc0b",
                "sha256:539e59949aab4955c143a468810123bf22d3e8556421e1ce2531ed4893914ca0",
                "sha256:540b3bee0711aac2e99bda4fa0a46dbcd8c74941666bfc1ef9236b1a64eeffd9",
                "sha256:57ead89128dee9609119c93d3926c7a2add451453063147900408a50144598c6",
                "sha256:5c4276fdcbccdf1e3c1756c7aeb8395e9a36874fa4d30860e7694f43d325ae13",
                "sha256:5da187bebe38030325e1c0b5b8a804d489410be2d384c0ef3ba39493c67eb51e",
                "sha256:5e545a48f919e40079b0efe7b0e081c74b96f9ef25b9c1ff4cdbd95764426b58",
                "sha256:603b9f1b8e93e8b494d3e89320c410679e21018e48b6cbc77280f5db71f17dc0",
                "sha256:695a6bcaf9e12b1e471dfce96bbecf22a1487adc2ac6106b15960a2b51b97f5d",
                "sha256:715294cd2246b39a8edca464a8366eb635f17213e4a6b9e74e52d8b877a8cb63",
                "sha256:856c7fb31d247ce713d60116375e1f8153d0291ab5e92cca7d8833a524ba9991",
                "sha256:8c6e25e9cc4961bb2abb1777c6fa9d0fa2d9b014beb3276cebe69996ff162b78",
                "sha256:9207fdedc7e789a3dcaca628176b80c82fbed9ae0997210738cbb12536a56699",
                "sha256:93f5fed1c9445fb7afe20450cdaf94b0e0356d47cc75008105be89c6a2e417b1",
                "sha256:9ce5e5209f8406ffc2b058b1293cce7a954911bb7991e623564d489197c9ba30",
                "sha256:a0674f246ad5e1571ef29d4c5ec1d6ecabe9e6c424ad0d6fee46b914d5d24d69",
                "sha256:b2f9172e4d6358f33ecce6a4339b5960f9f83eab67ea244baa812737793826b7",
                "sha256:b8a8a31b9e8860634adbca30fea1d0c7f08e208b3d7611f3e580e5f20992e5d7",
                "sha256:b8d8497091c1dc8705d1575c71e908a93b1f127a174b2d472020f3d84263ac28",
                "sha256:c4b78356074fcaac04ecb4de289f11d506e438859877670992ece11f9c90f37b",
                "sha256:c541b2b49c6638f2b5beb9316726db84a8d1c132bf31b942dae1f9c7f6ad3b92",
                "sha256:c8435959321cf8aec867bbad54b83b7fb8343204b530d85d9ea7a1f5329d5ac2",
                "sha256:ccb77faeaad99e99c6c444d04862c6cf604204fe0a07d4c8f9cbf2c9012d7d5a",
                "sha256:e272ed97d20b026f4f25a012b25d7d7672a60e4f72b9ca385239d693cd91b2d5",
                "sha256:e57acb89bd55943c8d8bf813763d20b9099cc7165c0f16b707631a7654be9cad",
                "sha256:e93acd1f603a0c1786e0841f066ae7cef014cf4750e3cd06fd03cfdf46361419"
            ],
            "index": "pypi",
            "version": "==0.29.21"
        },
        "imagen": {
            "git": "https://github.com/sjawhar/imagen.git",
            "ref": "3a39f4b32c9debd9f792fb5913bce631378419fc"
        },
        "kiwisolver": {
            "hashes": [
                "sha256:03662cbd3e6729f341a97dd2690b271e51a67a68322affab12a5b011344b973c",
                "sha256:18d749f3e56c0480dccd1714230da0f328e6e4accf188dd4e6884bdd06bf02dd",
                "sha256:247800260cd38160c362d211dcaf4ed0f7816afb5efe56544748b21d6ad6d17f",
                "sha256:38d05c9ecb24eee1246391820ed7137ac42a50209c203c908154782fced90e44",
                "sha256:443c2320520eda0a5b930b2725b26f6175ca4453c61f739fef7a5847bd262f74",
                "sha256:4eadb361baf3069f278b055e3bb53fa189cea2fd02cb2c353b7a99ebb4477ef1",
                "sha256:556da0a5f60f6486ec4969abbc1dd83cf9b5c2deadc8288508e55c0f5f87d29c",
                "sha256:603162139684ee56bcd57acc74035fceed7dd8d732f38c0959c8bd157f913fec",
                "sha256:60a78858580761fe611d22127868f3dc9f98871e6fdf0a15cc4203ed9ba6179b",
                "sha256:63f55f490b958b6299e4e5bdac66ac988c3d11b7fafa522800359075d4fa56d1",
                "sha256:7cc095a4661bdd8a5742aaf7c10ea9fac142d76ff1770a0f84394038126d8fc7",
                "sha256:be046da49fbc3aa9491cc7296db7e8d27bcf0c3d5d1a40259c10471b014e4e0c",
                "sha256:c31bc3c8e903d60a1ea31a754c72559398d91b5929fcb329b1c3a3d3f6e72113",
                "sha256:c955791d80e464da3b471ab41eb65cf5a40c15ce9b001fdc5bbc241170de58ec",
                "sha256:d069ef4b20b1e6b19f790d00097a5d5d2c50871b66d10075dab78938dc2ee2cf",
                "sha256:d52b989dc23cdaa92582ceb4af8d5bcc94d74b2c3e64cd6785558ec6a879793e",
                "sha256:e586b28354d7b6584d8973656a7954b1c69c93f708c0c07b77884f91640b7657",
                "sha256:efcf3397ae1e3c3a4a0a0636542bcad5adad3b1dd3e8e629d0b6e201347176c8",
                "sha256:fccefc0d36a38c57b7bd233a9b485e2f1eb71903ca7ad7adacad6c28a56d62d2"
            ],
            "markers": "python_version >= '3.6'",
            "version": "==1.2.0"
        },
        "lazyarray": {
            "hashes": [
                "sha256:c9df003af5e1007a28c4ec45f995662fd195590d5694ef7d4cfb028bc508f6ed"
            ],
            "version": "==0.3.3"
        },
        "matplotlib": {
            "hashes": [
                "sha256:0dc15e1ad84ec06bf0c315e6c4c2cced13a21ce4c2b4955bb75097064a4b1e92",
                "sha256:1507c2a8e4662f6fa1d3ecc760782b158df8a3244ecc21c1d8dbb1cd0b3f872e",
                "sha256:1f9cf2b8500b833714a193cb24281153f5072d55b2e486009f1e81f0b7da3410",
                "sha256:282f8a077a1217f9f2ac178596f27c1ae94abbc6e7b785e1b8f25e83918e9199",
                "sha256:2c3619ec2a5ead430a4536ebf8c77ea55d8ce36418919f831d35bc657ed5f27e",
                "sha256:636c6330a7dcb18bac114dbeaff314fbbb0c11682f9a9601de69a50e331d18d7",
                "sha256:6739b6cd9278d5cb337df0bd4400ad37bbd04c6dc7aa2c65e1e83a02bc4cc6fd",
                "sha256:73a493e340064e8fe03207d9333b68baca30d9f0da543ae4af6b6b4f13f0fe05",
                "sha256:79f0c4730ad422ecb6bda814c9a9b375df36d6bd5a49eaa14e92e5f5e3e95ac3",
                "sha256:83ae7261f4d5ab387be2caee29c4f499b1566f31c8ac97a0b8ab61afd9e3da92",
                "sha256:87f53bcce90772f942c2db56736788b39332d552461a5cb13f05ff45c1680f0e",
                "sha256:88c6ab4a32a7447dad236b8371612aaba5c967d632ff11999e0478dd687f2c58",
                "sha256:96a5e667308dbf45670370d9dffb974e73b15bac0df0b5f3fb0b0ac7a572290e",
                "sha256:9703bc00a94a94c4e94b2ea0fbfbc9d2bb21159733134639fd931b6606c5c47e",
                "sha256:bd8fceaa3494b531d43b6206966ba15705638137fc2dc5da5ee560cf9476867b",
                "sha256:cc2d6b47c8fee89da982a312b54949ec0cd6a7976a8cafb5b62dea6c9883a14d",
                "sha256:e4d6d3afc454b4afc0d9d0ed52a8fa40a1b0d8f33c8e143e49a5833a7e32266b",
                "sha256:ffbae66e2db70dc330cb3299525f97e1c0efdfc763e04e1a4e08f968c7ad21f0"
            ],
            "index": "pypi",
            "version": "==3.3.1"
        },
        "mpi4py": {
            "hashes": [
                "sha256:012d716c8b9ed1e513fcc4b18e5af16a8791f51e6d1716baccf988ad355c5a1f",
                "sha256:1799de61b8b755cd20ab7aca078892ca4f0dc7c96c63c231082dfe7d81644a8c",
                "sha256:31be264534e3b0afb4d1ac8d357424f0742a93a6b604d5ad8c96f6472f62f827",
                "sha256:3c6b2bfc3eae756142158439d6108d53e208976e3882377afe921e6c60df3034",
                "sha256:4faa759cf363752d6a1460922431530d4c40ccf8780e332fb7d3b3990ceda8f5",
                "sha256:5a533c8c08bbc542fe3e4f0e4ea95e15ee19157a739d84b64ea096a91424e824",
                "sha256:6445dd41054a90fa97c649d3dc9d70511d129831cc1806bbe9628eab4e72fe30",
                "sha256:b7ffc1a7b7e4afe9f117aecd0d0cf923add96c821fb652ff99a3368ecea9ddb6",
                "sha256:bf977b5e7f7354b100f74c604035fda467539aa252bdbadec89191c794f40560",
                "sha256:c7f11495188ffbf6550faa1f029d139f155d88fe25efde4def8dff22d4d66376",
                "sha256:d0f2caea8906de62239f34f275306693093d600b23070709713d97a1849edb66",
                "sha256:db8531579b777e2bafb1b004224206685614069d276ff1d9a9f4c6c9b44485d9",
                "sha256:e9453a5d93df3c687fc1ed214a3981a6721d7fb1f86afd918a72b27556b6f5e1",
                "sha256:f46f06eb2230e958bfc24d6509f1679b4843f9f35ef79c89aecede91f3b21842",
                "sha256:f74887a4da0e1b8ea1b393be008da2e1810d08cde899195c927cc8ce40178e86"
            ],
            "index": "pypi",
            "version": "==3.0.3"
        },
        "neo": {
            "hashes": [
                "sha256:3382a37b24a384006238b72981f1e9259de9bfa71886f8ed564d35d254ace458"
            ],
            "index": "pypi",
            "version": "==0.8.0"
        },
        "numpy": {
            "hashes": [
                "sha256:082f8d4dd69b6b688f64f509b91d482362124986d98dc7dc5f5e9f9b9c3bb983",
                "sha256:1bc0145999e8cb8aed9d4e65dd8b139adf1919e521177f198529687dbf613065",
                "sha256:309cbcfaa103fc9a33ec16d2d62569d541b79f828c382556ff072442226d1968",
                "sha256:3673c8b2b29077f1b7b3a848794f8e11f401ba0b71c49fbd26fb40b71788b132",
                "sha256:480fdd4dbda4dd6b638d3863da3be82873bba6d32d1fc12ea1b8486ac7b8d129",
                "sha256:56ef7f56470c24bb67fb43dae442e946a6ce172f97c69f8d067ff8550cf782ff",
                "sha256:5a936fd51049541d86ccdeef2833cc89a18e4d3808fe58a8abeb802665c5af93",
                "sha256:5b6885c12784a27e957294b60f97e8b5b4174c7504665333c5e94fbf41ae5d6a",
                "sha256:667c07063940e934287993366ad5f56766bc009017b4a0fe91dbd07960d0aba7",
                "sha256:7ed448ff4eaffeb01094959b19cbaf998ecdee9ef9932381420d514e446601cd",
                "sha256:8343bf67c72e09cfabfab55ad4a43ce3f6bf6e6ced7acf70f45ded9ebb425055",
                "sha256:92feb989b47f83ebef246adabc7ff3b9a59ac30601c3f6819f8913458610bdcc",
                "sha256:935c27ae2760c21cd7354402546f6be21d3d0c806fffe967f745d5f2de5005a7",
                "sha256:aaf42a04b472d12515debc621c31cf16c215e332242e7a9f56403d814c744624",
                "sha256:b12e639378c741add21fbffd16ba5ad25c0a1a17cf2b6fe4288feeb65144f35b",
                "sha256:b1cca51512299841bf69add3b75361779962f9cee7d9ee3bb446d5982e925b69",
                "sha256:b8456987b637232602ceb4d663cb34106f7eb780e247d51a260b84760fd8f491",
                "sha256:b9792b0ac0130b277536ab8944e7b754c69560dac0415dd4b2dbd16b902c8954",
                "sha256:c9591886fc9cbe5532d5df85cb8e0cc3b44ba8ce4367bd4cf1b93dc19713da72",
                "sha256:cf1347450c0b7644ea142712619533553f02ef23f92f781312f6a3553d031fc7",
                "sha256:de8b4a9b56255797cbddb93281ed92acbc510fb7b15df3f01bd28f46ebc4edae",
                "sha256:e1b1dc0372f530f26a03578ac75d5e51b3868b9b76cd2facba4c9ee0eb252ab1",
                "sha256:e45f8e981a0ab47103181773cc0a54e650b2aef8c7b6cd07405d0fa8d869444a",
                "sha256:e4f6d3c53911a9d103d8ec9518190e52a8b945bab021745af4939cfc7c0d4a9e",
                "sha256:ed8a311493cf5480a2ebc597d1e177231984c818a86875126cfd004241a73c3e",
                "sha256:ef71a1d4fd4858596ae80ad1ec76404ad29701f8ca7cdcebc50300178db14dfc"
            ],
            "index": "pypi",
            "version": "==1.19.1"
        },
        "param": {
            "hashes": [
                "sha256:8370d41616e257b8ed2e242ec531e0340b8c954bea414b791fa0ef6235959981",
                "sha256:b9afbfda25be81bd763a399beaf8775fd79156e5897d4de50d3e091d15d72636"
            ],
            "index": "pypi",
            "version": "==1.9.3"
        },
        "parameters": {
            "hashes": [
                "sha256:543bc7778be852e0e58692f328bf2b1e24566d66eb47cb693a8eb3939f631d14"
            ],
            "index": "pypi",
            "version": "==0.2.1"
        },
        "pillow": {
            "hashes": [
                "sha256:00e0bbe9923adc5cc38a8da7d87d4ce16cde53b8d3bba8886cb928e84522d963",
                "sha256:03457e439d073770d88afdd90318382084732a5b98b0eb6f49454746dbaae701",
                "sha256:0d5c99f80068f13231ac206bd9b2e80ea357f5cf9ae0fa97fab21e32d5b61065",
                "sha256:1a3bc8e1db5af40a81535a62a591fafdb30a8a1b319798ea8052aa65ef8f06d2",
                "sha256:2b4a94be53dff02af90760c10a2e3634c3c7703410f38c98154d5ce71fe63d20",
                "sha256:3ba7d8f1d962780f86aa747fef0baf3211b80cb13310fff0c375da879c0656d4",
                "sha256:3e81485cec47c24f5fb27acb485a4fc97376b2b332ed633867dc68ac3077998c",
                "sha256:43ef1cff7ee57f9c8c8e6fa02a62eae9fa23a7e34418c7ce88c0e3fe09d1fb38",
                "sha256:4adc3302df4faf77c63ab3a83e1a3e34b94a6a992084f4aa1cb236d1deaf4b39",
                "sha256:535e8e0e02c9f1fc2e307256149d6ee8ad3aa9a6e24144b7b6e6fb6126cb0e99",
                "sha256:5ccfcb0a34ad9b77ad247c231edb781763198f405a5c8dc1b642449af821fb7f",
                "sha256:5dcbbaa3a24d091a64560d3c439a8962866a79a033d40eb1a75f1b3413bfc2bc",
                "sha256:6e2a7e74d1a626b817ecb7a28c433b471a395c010b2a1f511f976e9ea4363e64",
                "sha256:82859575005408af81b3e9171ae326ff56a69af5439d3fc20e8cb76cd51c8246",
                "sha256:834dd023b7f987d6b700ad93dc818098d7eb046bd445e9992b3093c6f9d7a95f",
                "sha256:87ef0eca169f7f0bc050b22f05c7e174a65c36d584428431e802c0165c5856ea",
                "sha256:900de1fdc93764be13f6b39dc0dd0207d9ff441d87ad7c6e97e49b81987dc0f3",
                "sha256:92b83b380f9181cacc994f4c983d95a9c8b00b50bf786c66d235716b526a3332",
                "sha256:aa1b0297e352007ec781a33f026afbb062a9a9895bb103c8f49af434b1666880",
                "sha256:aa4792ab056f51b49e7d59ce5733155e10a918baf8ce50f64405db23d5627fa2",
                "sha256:b72c39585f1837d946bd1a829a4820ccf86e361f28cbf60f5d646f06318b61e2",
                "sha256:bb7861e4618a0c06c40a2e509c1bea207eea5fd4320d486e314e00745a402ca5",
                "sha256:bc149dab804291a18e1186536519e5e122a2ac1316cb80f506e855a500b1cdd4",
                "sha256:c424d35a5259be559b64490d0fd9e03fba81f1ce8e5b66e0a59de97547351d80",
                "sha256:cbd5647097dc55e501f459dbac7f1d0402225636deeb9e0a98a8d2df649fc19d",
                "sha256:ccf16fe444cc43800eeacd4f4769971200982200a71b1368f49410d0eb769543",
                "sha256:d3a98444a00b4643b22b0685dbf9e0ddcaf4ebfd4ea23f84f228adf5a0765bb2",
                "sha256:d6b4dc325170bee04ca8292bbd556c6f5398d52c6149ca881e67daf62215426f",
                "sha256:db9ff0c251ed066d367f53b64827cc9e18ccea001b986d08c265e53625dab950",
                "sha256:e3a797a079ce289e59dbd7eac9ca3bf682d52687f718686857281475b7ca8e6a"
            ],
            "index": "pypi",
            "version": "==6.2.2"
        },
        "pynn": {
            "hashes": [
                "sha256:91af2126b639a6a795bfc2709ac49423278c4794b6d0da143908b9afcb415f80"
            ],
            "index": "pypi",
            "version": "==0.9.5"
        },
        "pyparsing": {
            "hashes": [
                "sha256:c203ec8783bf771a155b207279b9bccb8dea02d8f0c9e5f8ead507bc3246ecc1",
                "sha256:ef9d7589ef3c200abe66653d3f1ab1033c3c419ae9b9bdb1240a85b024efc88b"
            ],
            "markers": "python_version >= '2.6' and python_version not in '3.0, 3.1, 3.2, 3.3'",
            "version": "==2.4.7"
        },
        "python-dateutil": {
            "hashes": [
                "sha256:73ebfe9dbf22e832286dafa60473e4cd239f8592f699aa5adaf10050e6e1823c",
                "sha256:75bb3f31ea686f1197762692a9ee6a7550b59fc6ca3a1f4b5d7e32fb98e2da2a"
            ],
            "markers": "python_version >= '2.7' and python_version not in '3.0, 3.1, 3.2, 3.3'",
            "version": "==2.8.1"
        },
        "pyyaml": {
            "hashes": [
                "sha256:06a0d7ba600ce0b2d2fe2e78453a470b5a6e000a985dd4a4e54e436cc36b0e97",
                "sha256:240097ff019d7c70a4922b6869d8a86407758333f02203e0fc6ff79c5dcede76",
                "sha256:4f4b913ca1a7319b33cfb1369e91e50354d6f07a135f3b901aca02aa95940bd2",
                "sha256:69f00dca373f240f842b2931fb2c7e14ddbacd1397d57157a9b005a6a9942648",
                "sha256:73f099454b799e05e5ab51423c7bcf361c58d3206fa7b0d555426b1f4d9a3eaf",
                "sha256:74809a57b329d6cc0fdccee6318f44b9b8649961fa73144a98735b0aaf029f1f",
                "sha256:7739fc0fa8205b3ee8808aea45e968bc90082c10aef6ea95e855e10abf4a37b2",
                "sha256:95f71d2af0ff4227885f7a6605c37fd53d3a106fcab511b8860ecca9fcf400ee",
                "sha256:b8eac752c5e14d3eca0e6dd9199cd627518cb5ec06add0de9d32baeee6fe645d",
                "sha256:cc8955cfbfc7a115fa81d85284ee61147059a753344bc51098f3ccd69b0d7e0c",
                "sha256:d13155f591e6fcc1ec3b30685d50bf0711574e2c0dfffd7644babf8b5102ca1a"
            ],
            "index": "pypi",
            "version": "==5.3.1"
        },
        "quantities": {
            "hashes": [
                "sha256:a33d636d1870c9e1127631185d89b0105a49f827d6aacd44ad9d8f151f331d8b"
            ],
            "index": "pypi",
            "version": "==0.12.4"
        },
        "scipy": {
            "hashes": [
                "sha256:066c513d90eb3fd7567a9e150828d39111ebd88d3e924cdfc9f8ce19ab6f90c9",
                "sha256:07e52b316b40a4f001667d1ad4eb5f2318738de34597bd91537851365b6c61f1",
                "sha256:0a0e9a4e58a4734c2eba917f834b25b7e3b6dc333901ce7784fd31aefbd37b2f",
                "sha256:1c7564a4810c1cd77fcdee7fa726d7d39d4e2695ad252d7c86c3ea9d85b7fb8f",
                "sha256:315aa2165aca31375f4e26c230188db192ed901761390be908c9b21d8b07df62",
                "sha256:6e86c873fe1335d88b7a4bfa09d021f27a9e753758fd75f3f92d714aa4093768",
                "sha256:8e28e74b97fc8d6aa0454989db3b5d36fc27e69cef39a7ee5eaf8174ca1123cb",
                "sha256:92eb04041d371fea828858e4fff182453c25ae3eaa8782d9b6c32b25857d23bc",
                "sha256:a0afbb967fd2c98efad5f4c24439a640d39463282040a88e8e928db647d8ac3d",
                "sha256:a785409c0fa51764766840185a34f96a0a93527a0ff0230484d33a8ed085c8f8",
                "sha256:cca9fce15109a36a0a9f9cfc64f870f1c140cb235ddf27fe0328e6afb44dfed0",
                "sha256:d56b10d8ed72ec1be76bf10508446df60954f08a41c2d40778bc29a3a9ad9bce",
                "sha256:dac09281a0eacd59974e24525a3bc90fa39b4e95177e638a31b14db60d3fa806",
                "sha256:ec5fe57e46828d034775b00cd625c4a7b5c7d2e354c3b258d820c6c72212a6ec",
                "sha256:eecf40fa87eeda53e8e11d265ff2254729d04000cd40bae648e76ff268885d66",
                "sha256:fc98f3eac993b9bfdd392e675dfe19850cc8c7246a8fd2b42443e506344be7d9"
            ],
            "index": "pypi",
            "version": "==1.5.2"
        },
        "six": {
            "hashes": [
                "sha256:30639c035cdb23534cd4aa2dd52c3bf48f06e5f4a941509c8bafd8ce11080259",
                "sha256:8b74bedcbbbaca38ff6d7491d76f2b06b3592611af620f8426e82dddb04a5ced"
            ],
            "markers": "python_version >= '2.7' and python_version not in '3.0, 3.1, 3.2, 3.3'",
            "version": "==1.15.0"
        }
    },
    "develop": {
        "appdirs": {
            "hashes": [
                "sha256:7d5d0167b2b1ba821647616af46a749d1c653740dd0d2415100fe26e27afdf41",
                "sha256:a841dacd6b99318a741b166adb07e19ee71a274450e68237b4650ca1055ab128"
            ],
            "version": "==1.4.4"
        },
        "attrs": {
            "hashes": [
                "sha256:08a96c641c3a74e44eb59afb61a24f2cb9f4d7188748e76ba4bb5edfa3cb7d1c",
                "sha256:f7b7ce16570fe9965acd6d30101a28f62fb4a7f9e926b3bbc9b61f8b04247e72"
            ],
            "markers": "python_version >= '2.7' and python_version not in '3.0, 3.1, 3.2, 3.3'",
            "version": "==19.3.0"
        },
        "black": {
            "hashes": [
                "sha256:1b30e59be925fafc1ee4565e5e08abef6b03fe455102883820fe5ee2e4734e0b",
                "sha256:c2edb73a08e9e0e6f65a0e6af18b059b8b1cdd5bef997d7a0b181df93dc81539"
            ],
            "index": "pypi",
            "version": "==19.10b0"
        },
        "click": {
            "hashes": [
                "sha256:d2b5255c7c6349bc1bd1e59e08cd12acbbd63ce649f2588755783aa94dfb6b1a",
                "sha256:dacca89f4bfadd5de3d7489b7c8a566eee0d3676333fbb50030263894c38c0dc"
            ],
            "markers": "python_version >= '2.7' and python_version not in '3.0, 3.1, 3.2, 3.3, 3.4'",
            "version": "==7.1.2"
        },
        "importlib-metadata": {
            "hashes": [
                "sha256:90bb658cdbbf6d1735b6341ce708fc7024a3e14e99ffdc5783edea9f9b077f83",
                "sha256:dc15b2969b4ce36305c51eebe62d418ac7791e9a157911d58bfb1f9ccd8e2070"
            ],
            "markers": "python_version < '3.8'",
            "version": "==1.7.0"
        },
        "iniconfig": {
            "hashes": [
                "sha256:80cf40c597eb564e86346103f609d74efce0f6b4d4f30ec8ce9e2c26411ba437",
                "sha256:e5f92f89355a67de0595932a6c6c02ab4afddc6fcdc0bfc5becd0d60884d3f69"
            ],
            "version": "==1.0.1"
        },
        "more-itertools": {
            "hashes": [
                "sha256:68c70cc7167bdf5c7c9d8f6954a7837089c6a36bf565383919bb595efb8a17e5",
                "sha256:b78134b2063dd214000685165d81c154522c3ee0a1c0d4d113c80361c234c5a2"
            ],
            "markers": "python_version >= '3.5'",
            "version": "==8.4.0"
        },
        "packaging": {
            "hashes": [
                "sha256:4357f74f47b9c12db93624a82154e9b120fa8293699949152b22065d556079f8",
                "sha256:998416ba6962ae7fbd6596850b80e17859a5753ba17c32284f67bfff33784181"
            ],
            "markers": "python_version >= '2.7' and python_version not in '3.0, 3.1, 3.2, 3.3'",
            "version": "==20.4"
        },
        "pathspec": {
            "hashes": [
                "sha256:7d91249d21749788d07a2d0f94147accd8f845507400749ea19c1ec9054a12b0",
                "sha256:da45173eb3a6f2a5a487efba21f050af2b41948be6ab52b6a1e3ff22bb8b7061"
            ],
            "version": "==0.8.0"
        },
        "pluggy": {
            "hashes": [
                "sha256:15b2acde666561e1298d71b523007ed7364de07029219b604cf808bfa1c765b0",
                "sha256:966c145cd83c96502c3c3868f50408687b38434af77734af1e9ca461a4081d2d"
            ],
            "markers": "python_version >= '2.7' and python_version not in '3.0, 3.1, 3.2, 3.3'",
            "version": "==0.13.1"
        },
        "py": {
            "hashes": [
                "sha256:366389d1db726cd2fcfc79732e75410e5fe4d31db13692115529d34069a043c2",
                "sha256:9ca6883ce56b4e8da7e79ac18787889fa5206c79dcc67fb065376cd2fe03f342"
            ],
            "markers": "python_version >= '2.7' and python_version not in '3.0, 3.1, 3.2, 3.3'",
            "version": "==1.9.0"
        },
        "pyparsing": {
            "hashes": [
                "sha256:c203ec8783bf771a155b207279b9bccb8dea02d8f0c9e5f8ead507bc3246ecc1",
                "sha256:ef9d7589ef3c200abe66653d3f1ab1033c3c419ae9b9bdb1240a85b024efc88b"
            ],
            "markers": "python_version >= '2.6' and python_version not in '3.0, 3.1, 3.2, 3.3'",
            "version": "==2.4.7"
        },
        "pytest": {
            "hashes": [
                "sha256:85228d75db9f45e06e57ef9bf4429267f81ac7c0d742cc9ed63d09886a9fe6f4",
                "sha256:8b6007800c53fdacd5a5c192203f4e531eb2a1540ad9c752e052ec0f7143dbad"
            ],
            "index": "pypi",
            "version": "==6.0.1"
        },
        "regex": {
            "hashes": [
                "sha256:0dc64ee3f33cd7899f79a8d788abfbec168410be356ed9bd30bbd3f0a23a7204",
                "sha256:1269fef3167bb52631ad4fa7dd27bf635d5a0790b8e6222065d42e91bede4162",
                "sha256:14a53646369157baa0499513f96091eb70382eb50b2c82393d17d7ec81b7b85f",
                "sha256:3a3af27a8d23143c49a3420efe5b3f8cf1a48c6fc8bc6856b03f638abc1833bb",
                "sha256:46bac5ca10fb748d6c55843a931855e2727a7a22584f302dd9bb1506e69f83f6",
                "sha256:4c037fd14c5f4e308b8370b447b469ca10e69427966527edcab07f52d88388f7",
                "sha256:51178c738d559a2d1071ce0b0f56e57eb315bcf8f7d4cf127674b533e3101f88",
                "sha256:5ea81ea3dbd6767873c611687141ec7b06ed8bab43f68fad5b7be184a920dc99",
                "sha256:6961548bba529cac7c07af2fd4d527c5b91bb8fe18995fed6044ac22b3d14644",
                "sha256:75aaa27aa521a182824d89e5ab0a1d16ca207318a6b65042b046053cfc8ed07a",
                "sha256:7a2dd66d2d4df34fa82c9dc85657c5e019b87932019947faece7983f2089a840",
                "sha256:8a51f2c6d1f884e98846a0a9021ff6861bdb98457879f412fdc2b42d14494067",
                "sha256:9c568495e35599625f7b999774e29e8d6b01a6fb684d77dee1f56d41b11b40cd",
                "sha256:9eddaafb3c48e0900690c1727fba226c4804b8e6127ea409689c3bb492d06de4",
                "sha256:bbb332d45b32df41200380fff14712cb6093b61bd142272a10b16778c418e98e",
                "sha256:bc3d98f621898b4a9bc7fecc00513eec8f40b5b83913d74ccb445f037d58cd89",
                "sha256:c11d6033115dc4887c456565303f540c44197f4fc1a2bfb192224a301534888e",
                "sha256:c50a724d136ec10d920661f1442e4a8b010a4fe5aebd65e0c2241ea41dbe93dc",
                "sha256:d0a5095d52b90ff38592bbdc2644f17c6d495762edf47d876049cfd2968fbccf",
                "sha256:d6cff2276e502b86a25fd10c2a96973fdb45c7a977dca2138d661417f3728341",
                "sha256:e46d13f38cfcbb79bfdb2964b0fe12561fe633caf964a77a5f8d4e45fe5d2ef7"
            ],
            "version": "==2020.7.14"
        },
        "six": {
            "hashes": [
                "sha256:30639c035cdb23534cd4aa2dd52c3bf48f06e5f4a941509c8bafd8ce11080259",
                "sha256:8b74bedcbbbaca38ff6d7491d76f2b06b3592611af620f8426e82dddb04a5ced"
            ],
            "markers": "python_version >= '2.7' and python_version not in '3.0, 3.1, 3.2, 3.3'",
            "version": "==1.15.0"
        },
        "toml": {
            "hashes": [
                "sha256:926b612be1e5ce0634a2ca03470f95169cf16f939018233a670519cb4ac58b0f",
                "sha256:bda89d5935c2eac546d648028b9901107a595863cb36bae0c73ac804a9b4ce88"
            ],
            "version": "==0.10.1"
        },
        "typed-ast": {
            "hashes": [
                "sha256:0666aa36131496aed8f7be0410ff974562ab7eeac11ef351def9ea6fa28f6355",
                "sha256:0c2c07682d61a629b68433afb159376e24e5b2fd4641d35424e462169c0a7919",
                "sha256:249862707802d40f7f29f6e1aad8d84b5aa9e44552d2cc17384b209f091276aa",
                "sha256:24995c843eb0ad11a4527b026b4dde3da70e1f2d8806c99b7b4a7cf491612652",
                "sha256:269151951236b0f9a6f04015a9004084a5ab0d5f19b57de779f908621e7d8b75",
                "sha256:4083861b0aa07990b619bd7ddc365eb7fa4b817e99cf5f8d9cf21a42780f6e01",
                "sha256:498b0f36cc7054c1fead3d7fc59d2150f4d5c6c56ba7fb150c013fbc683a8d2d",
                "sha256:4e3e5da80ccbebfff202a67bf900d081906c358ccc3d5e3c8aea42fdfdfd51c1",
                "sha256:6daac9731f172c2a22ade6ed0c00197ee7cc1221aa84cfdf9c31defeb059a907",
                "sha256:715ff2f2df46121071622063fc7543d9b1fd19ebfc4f5c8895af64a77a8c852c",
                "sha256:73d785a950fc82dd2a25897d525d003f6378d1cb23ab305578394694202a58c3",
                "sha256:8c8aaad94455178e3187ab22c8b01a3837f8ee50e09cf31f1ba129eb293ec30b",
                "sha256:8ce678dbaf790dbdb3eba24056d5364fb45944f33553dd5869b7580cdbb83614",
                "sha256:aaee9905aee35ba5905cfb3c62f3e83b3bec7b39413f0a7f19be4e547ea01ebb",
                "sha256:bcd3b13b56ea479b3650b82cabd6b5343a625b0ced5429e4ccad28a8973f301b",
                "sha256:c9e348e02e4d2b4a8b2eedb48210430658df6951fa484e59de33ff773fbd4b41",
                "sha256:d205b1b46085271b4e15f670058ce182bd1199e56b317bf2ec004b6a44f911f6",
                "sha256:d43943ef777f9a1c42bf4e552ba23ac77a6351de620aa9acf64ad54933ad4d34",
                "sha256:d5d33e9e7af3b34a40dc05f498939f0ebf187f07c385fd58d591c533ad8562fe",
                "sha256:fc0fea399acb12edbf8a628ba8d2312f583bdbdb3335635db062fa98cf71fca4",
                "sha256:fe460b922ec15dd205595c9b5b99e2f056fd98ae8f9f56b888e7a17dc2b757e7"
            ],
            "version": "==1.4.1"
        },
        "zipp": {
            "hashes": [
                "sha256:aa36550ff0c0b7ef7fa639055d797116ee891440eac1a56f378e2d3179e0320b",
                "sha256:c599e4d75c98f6798c509911d08a22e6c021d074469042177c8c86fb92eefd96"
            ],
            "markers": "python_version >= '3.6'",
            "version": "==3.1.0"
        }
    }
}
