{
    "_meta": {
        "hash": {
            "sha256": "bf1cfbe9974a2c5a3054c387387cdcc9cea712624a127da3420c63854c522fa0"
        },
        "pipfile-spec": 6,
        "requires": {
            "python_version": "3.7"
        },
        "sources": [
            {
                "name": "pypi",
                "url": "https://pypi.org/simple",
                "verify_ssl": true
            }
        ]
    },
    "default": {
        "cycler": {
            "hashes": [
                "sha256:1d8a5ae1ff6c5cf9b93e8811e581232ad8920aeec647c37316ceac982b08cb2d",
                "sha256:cd7b2d1018258d7247a71425e9f26463dfb444d411c39569972f4ce586b0c9d8"
            ],
            "version": "==0.10.0"
        },
        "cython": {
            "hashes": [
                "sha256:00348a2675b53282535aa22c4d444076b08010aa47f4bf10622542c213c37452",
                "sha256:0fa549d45e8aa658e270a7e85a0e7b8bf7b3dfdc59fcd4f4dbf54d854f4abdb5",
                "sha256:111941da36709f53170af6b0f81ec3df883364ff02d20f742e815b27ea37dfa0",
                "sha256:22b7c38d3f1af1bc7906b1a7b42354b4cf47d36bbdf687a581a050e72ddd249b",
                "sha256:29960b4c2789a9d6024be5fff75a55e52ae7f32d265fe52c0e40414f20d4d6db",
                "sha256:32ae95d3c3fe4dbb5d3f430accdc93247e2204791f4f70a5f2a8fac2d3105524",
                "sha256:381f8570ab287670c14f8138591788c1a801b185899939d08f4c60c284b4940d",
                "sha256:44d9acf4dd75d66b456c21d2ee0bcea3b49065775aa955a11be62a64fc5210ec",
                "sha256:4b971daa8c05c3277c4c7be4be5e7cd2e4971377ca752563c55a1c1f88d819c8",
                "sha256:58598e9a35cb89916c2fd80c0b2f4b7443542281f804206e90eae7f9acb79b81",
                "sha256:61bff7ae850986ebdf8b7fb01c63be94e75ba73f2dcbc9338ca687ff810488b8",
                "sha256:69ae45714b1fd5ebb309d787c278b5316cb504b287dae95456ccf50d8c55f537",
                "sha256:7a1ebe4f811ce0c1642d432ef8ae9bea1db93c7215eb1e95eb4bcb7503a42107",
                "sha256:8418a201c229f8af7eae11b3d22df699a37cfe934a113e032d59369a13a7ef13",
                "sha256:97f98a7dc0d58ea833dc1f8f8b3ce07adf4c0f030d1886c5399a2135ed415258",
                "sha256:9fde858f57952c9e55fae20cffeaf0bd5554a0630f0bd537879e57e60d8f105f",
                "sha256:ad5abd7ee54f48be7efa95f4ad0d7df44a84970d57330b151a049642ffc1705b",
                "sha256:b31f3dc2931b84c99d0038013304986cd690f5debb8471dbba1ca8584601b230",
                "sha256:c50fa9238c37b43d17234c8083371f4d4da208153d13f86d9db8925c16bb2850",
                "sha256:cd262da047a60f0d90fa83d6416e901519a5de6d4d68218d62dcb15f12fdcb1b",
                "sha256:e7838dadab758a7caa4f726e523930d491dbc4f93c4a01d9de6828f342ea1188",
                "sha256:edf5b76f6fff07f236510bb578b6ba6387e534af9ecdbe7892c591dbe1ea3314",
                "sha256:ee9a913482dfc5a62242ea66abff93f3dbe28729bce590014c8445e39af3d95c",
                "sha256:f4bb0e06a463cc280562cc54e53fefb2bf14b0b8d00c042781c71f17e78b1847",
                "sha256:ffd24c9bd35127138215f56ad833db1966cdc47ac659a31bde96949018e477c2"
            ],
            "index": "pypi",
            "version": "==0.29.19"
        },
        "imagen": {
            "git": "https://github.com/antolikjan/imagen.git",
            "ref": "c8a4f09c37e8bf59e2d5836489f07c3a2c206efb"
        },
        "interval": {
            "hashes": [
                "sha256:6619937f3fcb5cf85bb3a60b4e4391664e8d7b30ae3dc4d04c3fc1d063ff1c3b",
                "sha256:912c1175179ef8f7d22d204da00345c3af0e4625918a8e6020e7e629604e8c8e"
            ],
            "index": "pypi",
            "version": "==1.0.0"
        },
        "lazyarray": {
            "hashes": [
                "sha256:c9df003af5e1007a28c4ec45f995662fd195590d5694ef7d4cfb028bc508f6ed"
            ],
            "index": "pypi",
            "version": "==0.3.3"
        },
        "matplotlib": {
            "hashes": [
                "sha256:168c4fbccd155863ac37a6ccfe3b206a8267c34bc1c46d8e5901f72f6c160ee2",
                "sha256:2c66b11ccd48b0aba68b6b8d2045536ff3368b178259762826e2fe2c6bc74b90",
                "sha256:4028fc0d48cc602fc8a0c399d41c20d052034763622d49ddf784da21315adec8",
                "sha256:4871f85541b559ef10ab0f69f2251d2ac1dca4f14b0819f016191e6daf1ba03c",
                "sha256:61107a27999fd6af94c5043f8493335b8b93e788a99ccd5e850bfaaa994a5a57",
                "sha256:6271352603a629d0a1d50fdd98362575043058d354739a6d746eb699be7f81b9",
                "sha256:6330d4923351be834abaf4e64ec3c6240947f7dd05d80ce932e09636939cead5",
                "sha256:659f5e1aa0e0f01488c61eff47560c43b8be511c6a29293d7f3896ae17bd8b23",
                "sha256:673acab3ea8733e639ddde7baf4ec665763e92871571d254fe00b592cfad99d4",
                "sha256:769ccc141fb1891ecc2d39300ebb0efde16e7b4ce3d621fd61894a58676e23d4",
                "sha256:81de6cc0c1053e9439613475436504df1e5ea1d8072b49ab0dd1f41526085f6e",
                "sha256:82d4b630f2b73f7282a5c18d64a3a4b2ad2fb9141e43309beb68893770b7127f",
                "sha256:83a56f713c8126492081ec6b9e885fafb387e966e5c79b88bcdb15e41ca8dd33",
                "sha256:b8f516d63d81c6b0049bdb72d49e8d7f71b2cbb8f2c8e157354a12c728da20df",
                "sha256:c3a9e2699d63ae18e8c0242359b67725473e92fd60af73d334819dc52e1b53d4",
                "sha256:c83c2009648e1cffde4a1fbd09718a6ae788040ea30f9024bff66fd66262ef39",
                "sha256:d6bcda04e8eecac0286e2e893dd025f677a5b49f98872f6646b804e648e9da38",
                "sha256:e4524148786bcdf936f8d431925073470d47197483bad69a21f217bb1e79d776"
            ],
            "index": "pypi",
            "version": "==2.1.1"
        },
        "mpi4py": {
            "hashes": [
                "sha256:012d716c8b9ed1e513fcc4b18e5af16a8791f51e6d1716baccf988ad355c5a1f",
                "sha256:1799de61b8b755cd20ab7aca078892ca4f0dc7c96c63c231082dfe7d81644a8c",
                "sha256:31be264534e3b0afb4d1ac8d357424f0742a93a6b604d5ad8c96f6472f62f827",
                "sha256:3c6b2bfc3eae756142158439d6108d53e208976e3882377afe921e6c60df3034",
                "sha256:4faa759cf363752d6a1460922431530d4c40ccf8780e332fb7d3b3990ceda8f5",
                "sha256:5a533c8c08bbc542fe3e4f0e4ea95e15ee19157a739d84b64ea096a91424e824",
                "sha256:6445dd41054a90fa97c649d3dc9d70511d129831cc1806bbe9628eab4e72fe30",
                "sha256:b7ffc1a7b7e4afe9f117aecd0d0cf923add96c821fb652ff99a3368ecea9ddb6",
                "sha256:bf977b5e7f7354b100f74c604035fda467539aa252bdbadec89191c794f40560",
                "sha256:c7f11495188ffbf6550faa1f029d139f155d88fe25efde4def8dff22d4d66376",
                "sha256:d0f2caea8906de62239f34f275306693093d600b23070709713d97a1849edb66",
                "sha256:db8531579b777e2bafb1b004224206685614069d276ff1d9a9f4c6c9b44485d9",
                "sha256:e9453a5d93df3c687fc1ed214a3981a6721d7fb1f86afd918a72b27556b6f5e1",
                "sha256:f46f06eb2230e958bfc24d6509f1679b4843f9f35ef79c89aecede91f3b21842",
                "sha256:f74887a4da0e1b8ea1b393be008da2e1810d08cde899195c927cc8ce40178e86"
            ],
            "index": "pypi",
            "version": "==3.0.3"
        },
        "neo": {
            "hashes": [
                "sha256:1de436b7d5e72a5b4f1baa68bae5b790624a9ac44b2673811cb0b6ef554d3f8b"
            ],
            "index": "pypi",
            "version": "==0.5.2"
        },
        "numpy": {
            "hashes": [
                "sha256:08bf4f66f190822f4642e036accde8da810b87fffc0b9409e7a00d9e54760099",
                "sha256:1680c8d5086a88d293dfd1a10b6429a09140cacee878034fa2308472ec835db4",
                "sha256:23cad5e5858dfb73c0e5bce03fe78e5e5908c22263156c58d4afdbb240683c6c",
                "sha256:345b1748e6b0d4773a518868c783b16fdc33a22683bdb863484cd29fe8d206e6",
                "sha256:34e6bb44e3d9a663f903b8c297ede865b4dff039aa43cc9a0b249e02c27f1396",
                "sha256:390f6e14a8d73591f086680464aa101a9be9187d0c633f48c98b429b31b712c2",
                "sha256:3f423b06bf67cd1dbf72e13e9b53a9ca71972e5abf712ee6cb5d8cbb178fff02",
                "sha256:55cae40d2024c56e7b79fb070106cb4289dcc6b55c62dba1d89a6944448c6a53",
                "sha256:60c56922c9d759d664078fbef94132377ef1498ab27dd3d0cc7a21b346e68c06",
                "sha256:6b1853364775edb85ceb0f7f8214d9e993d4d1d9bd3310eae80529ea14ba2ba6",
                "sha256:77399828d96cca386bfba453025c34f22569909d90332b961d3d4341cdb46a84",
                "sha256:7a5a1f49a643aa1ab3e0579da0a48b8a48ea4369eb63c5065459d0a37f430237",
                "sha256:817eed5a6ec2fc9c1a0ee3fbf9a441c66b6766383580513ccbdf3121acc0b4fb",
                "sha256:97ddfa7688295d460ee48a4d76337e9fdd2506d9d1d0eee7f0348b42b430da4c",
                "sha256:9bb690692f3101583b0b99f3be362742e4f8ebe6c7934fa36cd8ca2b567a0bcc",
                "sha256:a1772dc227e3e415eeaa646d25690dc854bddc3d626e454c7c27acba060cb900",
                "sha256:a1ffc9c770ccc2be9284310a3726c918b26ca19b34c0079e7a41aba950ab175f",
                "sha256:a4383edb1b8caa989c3541a37ef204916322c503b8eeacc7ee8f4ba24cac97b8",
                "sha256:b9e334568ca1bf56598eddfac6db6a75bcf1c91aa90d598648f21e45207daeae",
                "sha256:c9fb4fcfcdcaccfe2c4e1f9e0133ed59df5df2aa3655f3d391887e892b0a784c",
                "sha256:d3c5377c6122de876e695937ef41ffee5d2831154c5e4856481b93406cdfeecb",
                "sha256:d759ca1b76ac6f6b6159fb74984126035feb1dee9f68b4b961889b6dc090f33a",
                "sha256:e5cf3fdf13401885e8eea8170624ec96225e2174eb0c611c6f26dd33b489e3ff"
            ],
            "index": "pypi",
            "version": "==1.16.6"
        },
        "param": {
            "hashes": [
                "sha256:9e2d706819f725d8b6f82103e1576006d342366c34228f0b303861ea2abb9bd9"
            ],
            "index": "pypi",
            "version": "==1.5.1"
        },
        "parameters": {
            "hashes": [
                "sha256:543bc7778be852e0e58692f328bf2b1e24566d66eb47cb693a8eb3939f631d14"
            ],
            "index": "pypi",
            "version": "==0.2.1"
        },
        "pillow": {
            "hashes": [
                "sha256:00e0bbe9923adc5cc38a8da7d87d4ce16cde53b8d3bba8886cb928e84522d963",
                "sha256:03457e439d073770d88afdd90318382084732a5b98b0eb6f49454746dbaae701",
                "sha256:0d5c99f80068f13231ac206bd9b2e80ea357f5cf9ae0fa97fab21e32d5b61065",
                "sha256:1a3bc8e1db5af40a81535a62a591fafdb30a8a1b319798ea8052aa65ef8f06d2",
                "sha256:2b4a94be53dff02af90760c10a2e3634c3c7703410f38c98154d5ce71fe63d20",
                "sha256:3ba7d8f1d962780f86aa747fef0baf3211b80cb13310fff0c375da879c0656d4",
                "sha256:3e81485cec47c24f5fb27acb485a4fc97376b2b332ed633867dc68ac3077998c",
                "sha256:43ef1cff7ee57f9c8c8e6fa02a62eae9fa23a7e34418c7ce88c0e3fe09d1fb38",
                "sha256:4adc3302df4faf77c63ab3a83e1a3e34b94a6a992084f4aa1cb236d1deaf4b39",
                "sha256:535e8e0e02c9f1fc2e307256149d6ee8ad3aa9a6e24144b7b6e6fb6126cb0e99",
                "sha256:5ccfcb0a34ad9b77ad247c231edb781763198f405a5c8dc1b642449af821fb7f",
                "sha256:5dcbbaa3a24d091a64560d3c439a8962866a79a033d40eb1a75f1b3413bfc2bc",
                "sha256:6e2a7e74d1a626b817ecb7a28c433b471a395c010b2a1f511f976e9ea4363e64",
                "sha256:82859575005408af81b3e9171ae326ff56a69af5439d3fc20e8cb76cd51c8246",
                "sha256:834dd023b7f987d6b700ad93dc818098d7eb046bd445e9992b3093c6f9d7a95f",
                "sha256:87ef0eca169f7f0bc050b22f05c7e174a65c36d584428431e802c0165c5856ea",
                "sha256:900de1fdc93764be13f6b39dc0dd0207d9ff441d87ad7c6e97e49b81987dc0f3",
                "sha256:92b83b380f9181cacc994f4c983d95a9c8b00b50bf786c66d235716b526a3332",
                "sha256:aa1b0297e352007ec781a33f026afbb062a9a9895bb103c8f49af434b1666880",
                "sha256:aa4792ab056f51b49e7d59ce5733155e10a918baf8ce50f64405db23d5627fa2",
                "sha256:b72c39585f1837d946bd1a829a4820ccf86e361f28cbf60f5d646f06318b61e2",
                "sha256:bb7861e4618a0c06c40a2e509c1bea207eea5fd4320d486e314e00745a402ca5",
                "sha256:bc149dab804291a18e1186536519e5e122a2ac1316cb80f506e855a500b1cdd4",
                "sha256:c424d35a5259be559b64490d0fd9e03fba81f1ce8e5b66e0a59de97547351d80",
                "sha256:cbd5647097dc55e501f459dbac7f1d0402225636deeb9e0a98a8d2df649fc19d",
                "sha256:ccf16fe444cc43800eeacd4f4769971200982200a71b1368f49410d0eb769543",
                "sha256:d3a98444a00b4643b22b0685dbf9e0ddcaf4ebfd4ea23f84f228adf5a0765bb2",
                "sha256:d6b4dc325170bee04ca8292bbd556c6f5398d52c6149ca881e67daf62215426f",
                "sha256:db9ff0c251ed066d367f53b64827cc9e18ccea001b986d08c265e53625dab950",
                "sha256:e3a797a079ce289e59dbd7eac9ca3bf682d52687f718686857281475b7ca8e6a"
            ],
            "index": "pypi",
            "version": "==6.2.2"
        },
        "psutil": {
            "hashes": [
                "sha256:1413f4158eb50e110777c4f15d7c759521703bd6beb58926f1d562da40180058",
                "sha256:298af2f14b635c3c7118fd9183843f4e73e681bb6f01e12284d4d70d48a60953",
                "sha256:60b86f327c198561f101a92be1995f9ae0399736b6eced8f24af41ec64fb88d4",
                "sha256:685ec16ca14d079455892f25bd124df26ff9137664af445563c1bd36629b5e0e",
                "sha256:73f35ab66c6c7a9ce82ba44b1e9b1050be2a80cd4dcc3352cc108656b115c74f",
                "sha256:75e22717d4dbc7ca529ec5063000b2b294fc9a367f9c9ede1f65846c7955fd38",
                "sha256:a02f4ac50d4a23253b68233b07e7cdb567bd025b982d5cf0ee78296990c22d9e",
                "sha256:d008ddc00c6906ec80040d26dc2d3e3962109e40ad07fd8a12d0284ce5e0e4f8",
                "sha256:d84029b190c8a66a946e28b4d3934d2ca1528ec94764b180f7d6ea57b0e75e26",
                "sha256:e2d0c5b07c6fe5a87fa27b7855017edb0d52ee73b71e6ee368fae268605cc3f5",
                "sha256:f344ca230dd8e8d5eee16827596f1c22ec0876127c28e800d7ae20ed44c4b310"
            ],
            "index": "pypi",
            "version": "==5.7.0"
        },
        "pynn": {
            "hashes": [
                "sha256:91af2126b639a6a795bfc2709ac49423278c4794b6d0da143908b9afcb415f80"
            ],
            "index": "pypi",
            "version": "==0.9.5"
        },
        "pyparsing": {
            "hashes": [
                "sha256:c203ec8783bf771a155b207279b9bccb8dea02d8f0c9e5f8ead507bc3246ecc1",
                "sha256:ef9d7589ef3c200abe66653d3f1ab1033c3c419ae9b9bdb1240a85b024efc88b"
            ],
            "markers": "python_version >= '2.6' and python_version not in '3.0, 3.1, 3.2, 3.3'",
            "version": "==2.4.7"
        },
        "python-dateutil": {
            "hashes": [
                "sha256:73ebfe9dbf22e832286dafa60473e4cd239f8592f699aa5adaf10050e6e1823c",
                "sha256:75bb3f31ea686f1197762692a9ee6a7550b59fc6ca3a1f4b5d7e32fb98e2da2a"
            ],
            "markers": "python_version >= '2.7' and python_version not in '3.0, 3.1, 3.2, 3.3'",
            "version": "==2.8.1"
        },
        "pytz": {
            "hashes": [
                "sha256:a494d53b6d39c3c6e44c3bec237336e14305e4f29bbf800b599253057fbb79ed",
                "sha256:c35965d010ce31b23eeb663ed3cc8c906275d6be1a34393a1d73a41febf4a048"
            ],
            "version": "==2020.1"
        },
        "quantities": {
            "hashes": [
                "sha256:a33d636d1870c9e1127631185d89b0105a49f827d6aacd44ad9d8f151f331d8b"
            ],
            "index": "pypi",
            "version": "==0.12.4"
        },
        "scipy": {
            "hashes": [
                "sha256:0c23e5b3a314dce4049b969c81ad801cf05e1fe699760846c7567deaa9b8c548",
                "sha256:19904399501ecf56ead21b307cc52c8ff03a2103343f554f3fbc189bb2cf1609",
                "sha256:1bc0720f149fbb69d19156cf91730aa21455c58949aea56bfaa2b74c06868100",
                "sha256:2ff82db1393bd5d8ddeb9134e8f77a8e971e635452d7e65f7238f40c71d385a8",
                "sha256:3397ce30e240e9a543d81f623a9e8e98ae39012cf72e42e95929530a03f20791",
                "sha256:39bf06b2536e69f08a257b260aaa25d088d755b73cf3751b44e5838ccb1d0a82",
                "sha256:487a61a7e477923c7a9e8fa06f27e3f2dbc7ce9450a970a2e5d902b0a305d028",
                "sha256:503e25b8da22b1be6f2f81e1dcf26f42bfb13fe89bccbf8bc48e1b6f2a4789c8",
                "sha256:53353a504ad2181eb27c9d61e91ce29324f8b7550876736a08a36e6b60c43407",
                "sha256:57a0ee083b94944ba6329e755d112bfd53a98bd9a6a4faf10bc7722c955a7653",
                "sha256:5d950892a6a2da6dae2b5a3021b329dbf04483a7fb0bd3011685db7f51578ae7",
                "sha256:7aeb232273b38e74d89181d9165ca47314e1c4269afe7c3a1926aea3e63345a2",
                "sha256:7e6c485c3f2789c790fe4cc5c6c3b4554000d284fd05be90479b6fbd8795d064",
                "sha256:8533e8c2e467eed913a0aa4fac09c9fb824f32d1ab1121db3a50845f9b347825",
                "sha256:8b3ac1e50188792fdf811e5a747df2b784c65d9a17f59609a73c8285424a48ad",
                "sha256:92fbdcf9acebf2007502adbed1b22e3a3e9445aceb5e7a568f9759d76461368b",
                "sha256:b2fad2430232f8c2faeb0abff7ed5191f0a534bd1bd482c71a9616c44e674c76",
                "sha256:b38f2e6d53f852ae1de1aacead2c26a69c91b36f833e744557ca370979b81652",
                "sha256:b6cbb7125b0c742e0f31fb293d19e9f1a03db58f6ddefc51a2025ee15ae607cb",
                "sha256:b8b0e81a2b87d68acf4a54aea800edafbb5bc9a04f38256718826f95f625fb75",
                "sha256:c08013e0fe1554372da9312d5bad588402f71c0636f0f86a9b9b61d507c59bac",
                "sha256:cac83647970115dfb6d29dc3b4ab44b3aa11254e8aeba115f88ad0ccbb273085",
                "sha256:d39ae9cfd7bdea7753fd617e2edfc68b94a019a65c0153c3fced35cf657b79e7",
                "sha256:e870dfd006ab657f9cc48b099646c5ceb4e812e59a7d460dc80ac9a659f089dc",
                "sha256:ecbe6413ca90b8e19f8475bfa303ac001e81b04ec600d17fa7f816271f7cca57",
                "sha256:ecc27dda36d7172bb4ed7f245499e28251fa17909b314b4e8956a942f302e1a3",
                "sha256:ee213d8c8eee0540ba91efca61605dc0e2b5bd90ca35ab49c85f0ad7038df00f",
                "sha256:f658f90db1530f70128bbeb2c1e61006de2eb2382408080a211d885f501af3a7"
            ],
            "index": "pypi",
            "version": "==1.2.3"
        },
        "six": {
            "hashes": [
                "sha256:30639c035cdb23534cd4aa2dd52c3bf48f06e5f4a941509c8bafd8ce11080259",
                "sha256:8b74bedcbbbaca38ff6d7491d76f2b06b3592611af620f8426e82dddb04a5ced"
            ],
            "markers": "python_version >= '2.7' and python_version not in '3.0, 3.1, 3.2, 3.3'",
            "version": "==1.15.0"
        }
    },
    "develop": {
        "appdirs": {
            "hashes": [
                "sha256:7d5d0167b2b1ba821647616af46a749d1c653740dd0d2415100fe26e27afdf41",
                "sha256:a841dacd6b99318a741b166adb07e19ee71a274450e68237b4650ca1055ab128"
            ],
            "version": "==1.4.4"
        },
        "attrs": {
            "hashes": [
                "sha256:08a96c641c3a74e44eb59afb61a24f2cb9f4d7188748e76ba4bb5edfa3cb7d1c",
                "sha256:f7b7ce16570fe9965acd6d30101a28f62fb4a7f9e926b3bbc9b61f8b04247e72"
            ],
            "markers": "python_version >= '2.7' and python_version not in '3.0, 3.1, 3.2, 3.3'",
            "version": "==19.3.0"
        },
        "black": {
            "hashes": [
                "sha256:1b30e59be925fafc1ee4565e5e08abef6b03fe455102883820fe5ee2e4734e0b",
                "sha256:c2edb73a08e9e0e6f65a0e6af18b059b8b1cdd5bef997d7a0b181df93dc81539"
            ],
            "index": "pypi",
            "version": "==19.10b0"
        },
        "click": {
            "hashes": [
                "sha256:d2b5255c7c6349bc1bd1e59e08cd12acbbd63ce649f2588755783aa94dfb6b1a",
                "sha256:dacca89f4bfadd5de3d7489b7c8a566eee0d3676333fbb50030263894c38c0dc"
            ],
            "markers": "python_version >= '2.7' and python_version not in '3.0, 3.1, 3.2, 3.3, 3.4'",
            "version": "==7.1.2"
        },
        "importlib-metadata": {
            "hashes": [
                "sha256:90bb658cdbbf6d1735b6341ce708fc7024a3e14e99ffdc5783edea9f9b077f83",
                "sha256:dc15b2969b4ce36305c51eebe62d418ac7791e9a157911d58bfb1f9ccd8e2070"
            ],
            "markers": "python_version < '3.8'",
            "version": "==1.7.0"
        },
        "iniconfig": {
            "hashes": [
                "sha256:80cf40c597eb564e86346103f609d74efce0f6b4d4f30ec8ce9e2c26411ba437",
                "sha256:e5f92f89355a67de0595932a6c6c02ab4afddc6fcdc0bfc5becd0d60884d3f69"
            ],
            "version": "==1.0.1"
        },
        "more-itertools": {
            "hashes": [
                "sha256:68c70cc7167bdf5c7c9d8f6954a7837089c6a36bf565383919bb595efb8a17e5",
                "sha256:b78134b2063dd214000685165d81c154522c3ee0a1c0d4d113c80361c234c5a2"
            ],
            "markers": "python_version >= '3.5'",
            "version": "==8.4.0"
        },
        "packaging": {
            "hashes": [
                "sha256:4357f74f47b9c12db93624a82154e9b120fa8293699949152b22065d556079f8",
                "sha256:998416ba6962ae7fbd6596850b80e17859a5753ba17c32284f67bfff33784181"
            ],
            "markers": "python_version >= '2.7' and python_version not in '3.0, 3.1, 3.2, 3.3'",
            "version": "==20.4"
        },
        "pathspec": {
            "hashes": [
                "sha256:7d91249d21749788d07a2d0f94147accd8f845507400749ea19c1ec9054a12b0",
                "sha256:da45173eb3a6f2a5a487efba21f050af2b41948be6ab52b6a1e3ff22bb8b7061"
            ],
            "version": "==0.8.0"
        },
        "pluggy": {
            "hashes": [
                "sha256:15b2acde666561e1298d71b523007ed7364de07029219b604cf808bfa1c765b0",
                "sha256:966c145cd83c96502c3c3868f50408687b38434af77734af1e9ca461a4081d2d"
            ],
            "markers": "python_version >= '2.7' and python_version not in '3.0, 3.1, 3.2, 3.3'",
            "version": "==0.13.1"
        },
        "py": {
            "hashes": [
                "sha256:366389d1db726cd2fcfc79732e75410e5fe4d31db13692115529d34069a043c2",
                "sha256:9ca6883ce56b4e8da7e79ac18787889fa5206c79dcc67fb065376cd2fe03f342"
            ],
            "markers": "python_version >= '2.7' and python_version not in '3.0, 3.1, 3.2, 3.3'",
            "version": "==1.9.0"
        },
        "pyparsing": {
            "hashes": [
                "sha256:c203ec8783bf771a155b207279b9bccb8dea02d8f0c9e5f8ead507bc3246ecc1",
                "sha256:ef9d7589ef3c200abe66653d3f1ab1033c3c419ae9b9bdb1240a85b024efc88b"
            ],
            "markers": "python_version >= '2.6' and python_version not in '3.0, 3.1, 3.2, 3.3'",
            "version": "==2.4.7"
        },
        "pytest": {
            "hashes": [
                "sha256:85228d75db9f45e06e57ef9bf4429267f81ac7c0d742cc9ed63d09886a9fe6f4",
                "sha256:8b6007800c53fdacd5a5c192203f4e531eb2a1540ad9c752e052ec0f7143dbad"
            ],
            "index": "pypi",
            "version": "==6.0.1"
        },
        "regex": {
            "hashes": [
                "sha256:0dc64ee3f33cd7899f79a8d788abfbec168410be356ed9bd30bbd3f0a23a7204",
                "sha256:1269fef3167bb52631ad4fa7dd27bf635d5a0790b8e6222065d42e91bede4162",
                "sha256:14a53646369157baa0499513f96091eb70382eb50b2c82393d17d7ec81b7b85f",
                "sha256:3a3af27a8d23143c49a3420efe5b3f8cf1a48c6fc8bc6856b03f638abc1833bb",
                "sha256:46bac5ca10fb748d6c55843a931855e2727a7a22584f302dd9bb1506e69f83f6",
                "sha256:4c037fd14c5f4e308b8370b447b469ca10e69427966527edcab07f52d88388f7",
                "sha256:51178c738d559a2d1071ce0b0f56e57eb315bcf8f7d4cf127674b533e3101f88",
                "sha256:5ea81ea3dbd6767873c611687141ec7b06ed8bab43f68fad5b7be184a920dc99",
                "sha256:6961548bba529cac7c07af2fd4d527c5b91bb8fe18995fed6044ac22b3d14644",
                "sha256:75aaa27aa521a182824d89e5ab0a1d16ca207318a6b65042b046053cfc8ed07a",
                "sha256:7a2dd66d2d4df34fa82c9dc85657c5e019b87932019947faece7983f2089a840",
                "sha256:8a51f2c6d1f884e98846a0a9021ff6861bdb98457879f412fdc2b42d14494067",
                "sha256:9c568495e35599625f7b999774e29e8d6b01a6fb684d77dee1f56d41b11b40cd",
                "sha256:9eddaafb3c48e0900690c1727fba226c4804b8e6127ea409689c3bb492d06de4",
                "sha256:bbb332d45b32df41200380fff14712cb6093b61bd142272a10b16778c418e98e",
                "sha256:bc3d98f621898b4a9bc7fecc00513eec8f40b5b83913d74ccb445f037d58cd89",
                "sha256:c11d6033115dc4887c456565303f540c44197f4fc1a2bfb192224a301534888e",
                "sha256:c50a724d136ec10d920661f1442e4a8b010a4fe5aebd65e0c2241ea41dbe93dc",
                "sha256:d0a5095d52b90ff38592bbdc2644f17c6d495762edf47d876049cfd2968fbccf",
                "sha256:d6cff2276e502b86a25fd10c2a96973fdb45c7a977dca2138d661417f3728341",
                "sha256:e46d13f38cfcbb79bfdb2964b0fe12561fe633caf964a77a5f8d4e45fe5d2ef7"
            ],
            "version": "==2020.7.14"
        },
        "six": {
            "hashes": [
                "sha256:30639c035cdb23534cd4aa2dd52c3bf48f06e5f4a941509c8bafd8ce11080259",
                "sha256:8b74bedcbbbaca38ff6d7491d76f2b06b3592611af620f8426e82dddb04a5ced"
            ],
            "markers": "python_version >= '2.7' and python_version not in '3.0, 3.1, 3.2, 3.3'",
            "version": "==1.15.0"
        },
        "toml": {
            "hashes": [
                "sha256:926b612be1e5ce0634a2ca03470f95169cf16f939018233a670519cb4ac58b0f",
                "sha256:bda89d5935c2eac546d648028b9901107a595863cb36bae0c73ac804a9b4ce88"
            ],
            "version": "==0.10.1"
        },
        "typed-ast": {
            "hashes": [
                "sha256:0666aa36131496aed8f7be0410ff974562ab7eeac11ef351def9ea6fa28f6355",
                "sha256:0c2c07682d61a629b68433afb159376e24e5b2fd4641d35424e462169c0a7919",
                "sha256:249862707802d40f7f29f6e1aad8d84b5aa9e44552d2cc17384b209f091276aa",
                "sha256:24995c843eb0ad11a4527b026b4dde3da70e1f2d8806c99b7b4a7cf491612652",
                "sha256:269151951236b0f9a6f04015a9004084a5ab0d5f19b57de779f908621e7d8b75",
                "sha256:4083861b0aa07990b619bd7ddc365eb7fa4b817e99cf5f8d9cf21a42780f6e01",
                "sha256:498b0f36cc7054c1fead3d7fc59d2150f4d5c6c56ba7fb150c013fbc683a8d2d",
                "sha256:4e3e5da80ccbebfff202a67bf900d081906c358ccc3d5e3c8aea42fdfdfd51c1",
                "sha256:6daac9731f172c2a22ade6ed0c00197ee7cc1221aa84cfdf9c31defeb059a907",
                "sha256:715ff2f2df46121071622063fc7543d9b1fd19ebfc4f5c8895af64a77a8c852c",
                "sha256:73d785a950fc82dd2a25897d525d003f6378d1cb23ab305578394694202a58c3",
                "sha256:8c8aaad94455178e3187ab22c8b01a3837f8ee50e09cf31f1ba129eb293ec30b",
                "sha256:8ce678dbaf790dbdb3eba24056d5364fb45944f33553dd5869b7580cdbb83614",
                "sha256:aaee9905aee35ba5905cfb3c62f3e83b3bec7b39413f0a7f19be4e547ea01ebb",
                "sha256:bcd3b13b56ea479b3650b82cabd6b5343a625b0ced5429e4ccad28a8973f301b",
                "sha256:c9e348e02e4d2b4a8b2eedb48210430658df6951fa484e59de33ff773fbd4b41",
                "sha256:d205b1b46085271b4e15f670058ce182bd1199e56b317bf2ec004b6a44f911f6",
                "sha256:d43943ef777f9a1c42bf4e552ba23ac77a6351de620aa9acf64ad54933ad4d34",
                "sha256:d5d33e9e7af3b34a40dc05f498939f0ebf187f07c385fd58d591c533ad8562fe",
                "sha256:fc0fea399acb12edbf8a628ba8d2312f583bdbdb3335635db062fa98cf71fca4",
                "sha256:fe460b922ec15dd205595c9b5b99e2f056fd98ae8f9f56b888e7a17dc2b757e7"
            ],
            "version": "==1.4.1"
        },
        "zipp": {
            "hashes": [
                "sha256:aa36550ff0c0b7ef7fa639055d797116ee891440eac1a56f378e2d3179e0320b",
                "sha256:c599e4d75c98f6798c509911d08a22e6c021d074469042177c8c86fb92eefd96"
            ],
            "markers": "python_version >= '3.6'",
            "version": "==3.1.0"
        }
    }
}
